
Microsoft Visual Studio Solution File, Format Version 12.00
Project("{FAE04EC0-301F-11D3-BF4B-00C04F79EFBC}") = "AggregatorCompany.Api", "AggregatorCompany.Api\AggregatorCompany.Api.csproj", "{2A993FFC-F1C6-4866-B97D-92A9C30EB977}"
EndProject
Global
	GlobalSection(SolutionConfigurationPlatforms) = preSolution
		Debug|Any CPU = Debug|Any CPU
		Release|Any CPU = Release|Any CPU
	EndGlobalSection
	GlobalSection(ProjectConfigurationPlatforms) = postSolution
		{2A993FFC-F1C6-4866-B97D-92A9C30EB977}.Debug|Any CPU.ActiveCfg = Debug|Any CPU
		{2A993FFC-F1C6-4866-B97D-92A9C30EB977}.Debug|Any CPU.Build.0 = Debug|Any CPU
		{2A993FFC-F1C6-4866-B97D-92A9C30EB977}.Release|Any CPU.ActiveCfg = Release|Any CPU
		{2A993FFC-F1C6-4866-B97D-92A9C30EB977}.Release|Any CPU.Build.0 = Release|Any CPU
	EndGlobalSection
EndGlobal
